{
  "version": 4,
  "terraform_version": "0.14.4",
  "serial": 18,
  "lineage": "2ce21197-ed91-bf5e-59ce-e038216d5349",
  "outputs": {},
  "resources": [
    {
      "mode": "managed",
      "type": "aws_eip",
      "name": "eips",
      "provider": "provider[\"registry.terraform.io/hashicorp/aws\"]",
      "instances": [
        {
          "index_key": 0,
          "schema_version": 0,
          "attributes": {
            "address": null,
            "allocation_id": "eipalloc-016f4ba8023b5a272",
            "associate_with_private_ip": null,
            "association_id": "",
            "carrier_ip": "",
            "customer_owned_ip": "",
            "customer_owned_ipv4_pool": "",
            "domain": "vpc",
            "id": "eipalloc-016f4ba8023b5a272",
            "instance": "",
            "network_border_group": "us-east-1",
            "network_interface": "",
            "private_dns": null,
            "private_ip": "",
            "public_dns": "ec2-54-156-77-116.compute-1.amazonaws.com",
            "public_ip": "54.156.77.116",
            "public_ipv4_pool": "amazon",
            "tags": {
              "Name": "CNB-eip-0"
            },
            "tags_all": {
              "Name": "CNB-eip-0",
              "costCenter": "SYSENG",
              "environment": "tst",
              "expirationDate": "12/12/2022",
              "owner": "eanselmi@edrans.com",
              "project": "CNB",
              "role": "tst",
              "tagVersion": "1"
            },
            "timeouts": null,
            "vpc": true
          },
          "sensitive_attributes": [],
          "private": "eyJlMmJmYjczMC1lY2FhLTExZTYtOGY4OC0zNDM2M2JjN2M0YzAiOnsiZGVsZXRlIjoxODAwMDAwMDAwMDAsInJlYWQiOjkwMDAwMDAwMDAwMCwidXBkYXRlIjozMDAwMDAwMDAwMDB9fQ==",
          "dependencies": [
            "aws_internet_gateway.cnb_igw",
            "aws_vpc.cnb_vpc"
          ]
        },
        {
          "index_key": 1,
          "schema_version": 0,
          "attributes": {
            "address": null,
            "allocation_id": "eipalloc-00e3a9a53f0f0bf4f",
            "associate_with_private_ip": null,
            "association_id": "",
            "carrier_ip": "",
            "customer_owned_ip": "",
            "customer_owned_ipv4_pool": "",
            "domain": "vpc",
            "id": "eipalloc-00e3a9a53f0f0bf4f",
            "instance": "",
            "network_border_group": "us-east-1",
            "network_interface": "",
            "private_dns": null,
            "private_ip": "",
            "public_dns": "ec2-54-91-136-128.compute-1.amazonaws.com",
            "public_ip": "54.91.136.128",
            "public_ipv4_pool": "amazon",
            "tags": {
              "Name": "CNB-eip-1"
            },
            "tags_all": {
              "Name": "CNB-eip-1",
              "costCenter": "SYSENG",
              "environment": "tst",
              "expirationDate": "12/12/2022",
              "owner": "eanselmi@edrans.com",
              "project": "CNB",
              "role": "tst",
              "tagVersion": "1"
            },
            "timeouts": null,
            "vpc": true
          },
          "sensitive_attributes": [],
          "private": "eyJlMmJmYjczMC1lY2FhLTExZTYtOGY4OC0zNDM2M2JjN2M0YzAiOnsiZGVsZXRlIjoxODAwMDAwMDAwMDAsInJlYWQiOjkwMDAwMDAwMDAwMCwidXBkYXRlIjozMDAwMDAwMDAwMDB9fQ==",
          "dependencies": [
            "aws_internet_gateway.cnb_igw",
            "aws_vpc.cnb_vpc"
          ]
        }
      ]
    },
    {
      "mode": "managed",
      "type": "aws_internet_gateway",
      "name": "cnb_igw",
      "provider": "provider[\"registry.terraform.io/hashicorp/aws\"]",
      "instances": [
        {
          "schema_version": 0,
          "attributes": {
            "arn": "arn:aws:ec2:us-east-1:947941747067:internet-gateway/igw-096feefd08aac7842",
            "id": "igw-096feefd08aac7842",
            "owner_id": "947941747067",
            "tags": {
              "Name": "CNB IGW"
            },
            "tags_all": {
              "Name": "CNB IGW",
              "costCenter": "SYSENG",
              "environment": "tst",
              "expirationDate": "12/12/2022",
              "owner": "eanselmi@edrans.com",
              "project": "CNB",
              "role": "tst",
              "tagVersion": "1"
            },
            "vpc_id": "vpc-07b59f8f86e2750c7"
          },
          "sensitive_attributes": [],
          "private": "bnVsbA==",
          "dependencies": [
            "aws_vpc.cnb_vpc"
          ]
        }
      ]
    },
    {
      "mode": "managed",
      "type": "aws_nat_gateway",
      "name": "nat_gateways",
      "provider": "provider[\"registry.terraform.io/hashicorp/aws\"]",
      "instances": [
        {
          "index_key": 0,
          "schema_version": 0,
          "attributes": {
            "allocation_id": "eipalloc-016f4ba8023b5a272",
            "connectivity_type": "public",
            "id": "nat-0dd786725a6195b5b",
            "network_interface_id": "eni-0d4a69e88c1fc2756",
            "private_ip": "10.200.0.88",
            "public_ip": "54.156.77.116",
            "subnet_id": "subnet-04c36ad2166080449",
            "tags": {
              "Name": "CNB-NGW-0"
            },
            "tags_all": {
              "Name": "CNB-NGW-0",
              "costCenter": "SYSENG",
              "environment": "tst",
              "expirationDate": "12/12/2022",
              "owner": "eanselmi@edrans.com",
              "project": "CNB",
              "role": "tst",
              "tagVersion": "1"
            }
          },
          "sensitive_attributes": [],
          "private": "bnVsbA==",
          "dependencies": [
            "aws_eip.eips",
            "aws_internet_gateway.cnb_igw",
            "aws_subnet.cnb_public_subnets",
            "aws_vpc.cnb_vpc"
          ]
        },
        {
          "index_key": 1,
          "schema_version": 0,
          "attributes": {
            "allocation_id": "eipalloc-00e3a9a53f0f0bf4f",
            "connectivity_type": "public",
            "id": "nat-033e8efc3e44bcfc6",
            "network_interface_id": "eni-0966b020c8d6bead2",
            "private_ip": "10.200.1.155",
            "public_ip": "54.91.136.128",
            "subnet_id": "subnet-05c633e1e5f78fd22",
            "tags": {
              "Name": "CNB-NGW-1"
            },
            "tags_all": {
              "Name": "CNB-NGW-1",
              "costCenter": "SYSENG",
              "environment": "tst",
              "expirationDate": "12/12/2022",
              "owner": "eanselmi@edrans.com",
              "project": "CNB",
              "role": "tst",
              "tagVersion": "1"
            }
          },
          "sensitive_attributes": [],
          "private": "bnVsbA==",
          "dependencies": [
            "aws_eip.eips",
            "aws_internet_gateway.cnb_igw",
            "aws_subnet.cnb_public_subnets",
            "aws_vpc.cnb_vpc"
          ]
        }
      ]
    },
    {
      "mode": "managed",
      "type": "aws_route_table",
      "name": "cnb_private_crts",
      "provider": "provider[\"registry.terraform.io/hashicorp/aws\"]",
      "instances": [
        {
          "index_key": 0,
          "schema_version": 0,
          "attributes": {
            "arn": "arn:aws:ec2:us-east-1:947941747067:route-table/rtb-0abdd1fd31df07954",
            "id": "rtb-0abdd1fd31df07954",
            "owner_id": "947941747067",
            "propagating_vgws": [],
            "route": [
              {
                "carrier_gateway_id": "",
                "cidr_block": "0.0.0.0/0",
                "destination_prefix_list_id": "",
                "egress_only_gateway_id": "",
                "gateway_id": "nat-0dd786725a6195b5b",
                "instance_id": "",
                "ipv6_cidr_block": "",
                "local_gateway_id": "",
                "nat_gateway_id": "",
                "network_interface_id": "",
                "transit_gateway_id": "",
                "vpc_endpoint_id": "",
                "vpc_peering_connection_id": ""
              }
            ],
            "tags": {
              "Name": "CNB-Private-CRT-us-east-1a"
            },
            "tags_all": {
              "Name": "CNB-Private-CRT-us-east-1a",
              "costCenter": "SYSENG",
              "environment": "tst",
              "expirationDate": "12/12/2022",
              "owner": "eanselmi@edrans.com",
              "project": "CNB",
              "role": "tst",
              "tagVersion": "1"
            },
            "timeouts": null,
            "vpc_id": "vpc-07b59f8f86e2750c7"
          },
          "sensitive_attributes": [],
          "private": "eyJlMmJmYjczMC1lY2FhLTExZTYtOGY4OC0zNDM2M2JjN2M0YzAiOnsiY3JlYXRlIjozMDAwMDAwMDAwMDAsImRlbGV0ZSI6MzAwMDAwMDAwMDAwLCJ1cGRhdGUiOjEyMDAwMDAwMDAwMH19",
          "dependencies": [
            "aws_eip.eips",
            "aws_internet_gateway.cnb_igw",
            "aws_nat_gateway.nat_gateways",
            "aws_subnet.cnb_public_subnets",
            "aws_vpc.cnb_vpc"
          ]
        },
        {
          "index_key": 1,
          "schema_version": 0,
          "attributes": {
            "arn": "arn:aws:ec2:us-east-1:947941747067:route-table/rtb-0669fc60f923c9678",
            "id": "rtb-0669fc60f923c9678",
            "owner_id": "947941747067",
            "propagating_vgws": [],
            "route": [
              {
                "carrier_gateway_id": "",
                "cidr_block": "0.0.0.0/0",
                "destination_prefix_list_id": "",
                "egress_only_gateway_id": "",
                "gateway_id": "nat-033e8efc3e44bcfc6",
                "instance_id": "",
                "ipv6_cidr_block": "",
                "local_gateway_id": "",
                "nat_gateway_id": "",
                "network_interface_id": "",
                "transit_gateway_id": "",
                "vpc_endpoint_id": "",
                "vpc_peering_connection_id": ""
              }
            ],
            "tags": {
              "Name": "CNB-Private-CRT-us-east-1b"
            },
            "tags_all": {
              "Name": "CNB-Private-CRT-us-east-1b",
              "costCenter": "SYSENG",
              "environment": "tst",
              "expirationDate": "12/12/2022",
              "owner": "eanselmi@edrans.com",
              "project": "CNB",
              "role": "tst",
              "tagVersion": "1"
            },
            "timeouts": null,
            "vpc_id": "vpc-07b59f8f86e2750c7"
          },
          "sensitive_attributes": [],
          "private": "eyJlMmJmYjczMC1lY2FhLTExZTYtOGY4OC0zNDM2M2JjN2M0YzAiOnsiY3JlYXRlIjozMDAwMDAwMDAwMDAsImRlbGV0ZSI6MzAwMDAwMDAwMDAwLCJ1cGRhdGUiOjEyMDAwMDAwMDAwMH19",
          "dependencies": [
            "aws_eip.eips",
            "aws_internet_gateway.cnb_igw",
            "aws_nat_gateway.nat_gateways",
            "aws_subnet.cnb_public_subnets",
            "aws_vpc.cnb_vpc"
          ]
        }
      ]
    },
    {
      "mode": "managed",
      "type": "aws_route_table",
      "name": "cnb_public_crt",
      "provider": "provider[\"registry.terraform.io/hashicorp/aws\"]",
      "instances": [
        {
          "schema_version": 0,
          "attributes": {
            "arn": "arn:aws:ec2:us-east-1:947941747067:route-table/rtb-0bbb3abdf255de6bb",
            "id": "rtb-0bbb3abdf255de6bb",
            "owner_id": "947941747067",
            "propagating_vgws": [],
            "route": [
              {
                "carrier_gateway_id": "",
                "cidr_block": "0.0.0.0/0",
                "destination_prefix_list_id": "",
                "egress_only_gateway_id": "",
                "gateway_id": "igw-096feefd08aac7842",
                "instance_id": "",
                "ipv6_cidr_block": "",
                "local_gateway_id": "",
                "nat_gateway_id": "",
                "network_interface_id": "",
                "transit_gateway_id": "",
                "vpc_endpoint_id": "",
                "vpc_peering_connection_id": ""
              }
            ],
            "tags": {
              "Name": "CNB-Public-CRT"
            },
            "tags_all": {
              "Name": "CNB-Public-CRT",
              "costCenter": "SYSENG",
              "environment": "tst",
              "expirationDate": "12/12/2022",
              "owner": "eanselmi@edrans.com",
              "project": "CNB",
              "role": "tst",
              "tagVersion": "1"
            },
            "timeouts": null,
            "vpc_id": "vpc-07b59f8f86e2750c7"
          },
          "sensitive_attributes": [],
          "private": "eyJlMmJmYjczMC1lY2FhLTExZTYtOGY4OC0zNDM2M2JjN2M0YzAiOnsiY3JlYXRlIjozMDAwMDAwMDAwMDAsImRlbGV0ZSI6MzAwMDAwMDAwMDAwLCJ1cGRhdGUiOjEyMDAwMDAwMDAwMH19",
          "dependencies": [
            "aws_internet_gateway.cnb_igw",
            "aws_vpc.cnb_vpc"
          ]
        }
      ]
    },
    {
      "mode": "managed",
      "type": "aws_route_table_association",
      "name": "cnb_crta_private_subnets",
      "provider": "provider[\"registry.terraform.io/hashicorp/aws\"]",
      "instances": [
        {
          "index_key": 0,
          "schema_version": 0,
          "attributes": {
            "gateway_id": "",
            "id": "rtbassoc-062ab2000887cb7f7",
            "route_table_id": "rtb-0abdd1fd31df07954",
            "subnet_id": "subnet-0dce20bf293898ffa"
          },
          "sensitive_attributes": [],
          "private": "bnVsbA==",
          "dependencies": [
            "aws_eip.eips",
            "aws_internet_gateway.cnb_igw",
            "aws_nat_gateway.nat_gateways",
            "aws_route_table.cnb_private_crts",
            "aws_subnet.cnb_private_subnets",
            "aws_subnet.cnb_public_subnets",
            "aws_vpc.cnb_vpc"
          ]
        },
        {
          "index_key": 1,
          "schema_version": 0,
          "attributes": {
            "gateway_id": "",
            "id": "rtbassoc-013754f8ee249ff5e",
            "route_table_id": "rtb-0669fc60f923c9678",
            "subnet_id": "subnet-0c107046ddfb68621"
          },
          "sensitive_attributes": [],
          "private": "bnVsbA==",
          "dependencies": [
            "aws_eip.eips",
            "aws_internet_gateway.cnb_igw",
            "aws_nat_gateway.nat_gateways",
            "aws_route_table.cnb_private_crts",
            "aws_subnet.cnb_private_subnets",
            "aws_subnet.cnb_public_subnets",
            "aws_vpc.cnb_vpc"
          ]
        }
      ]
    },
    {
      "mode": "managed",
      "type": "aws_route_table_association",
      "name": "cnb_crta_public_subnets",
      "provider": "provider[\"registry.terraform.io/hashicorp/aws\"]",
      "instances": [
        {
          "index_key": 0,
          "schema_version": 0,
          "attributes": {
            "gateway_id": "",
            "id": "rtbassoc-0b5682487458a49cf",
            "route_table_id": "rtb-0bbb3abdf255de6bb",
            "subnet_id": "subnet-04c36ad2166080449"
          },
          "sensitive_attributes": [],
          "private": "bnVsbA==",
          "dependencies": [
            "aws_internet_gateway.cnb_igw",
            "aws_route_table.cnb_public_crt",
            "aws_subnet.cnb_public_subnets",
            "aws_vpc.cnb_vpc"
          ]
        },
        {
          "index_key": 1,
          "schema_version": 0,
          "attributes": {
            "gateway_id": "",
            "id": "rtbassoc-0328fa594c23c5f10",
            "route_table_id": "rtb-0bbb3abdf255de6bb",
            "subnet_id": "subnet-05c633e1e5f78fd22"
          },
          "sensitive_attributes": [],
          "private": "bnVsbA==",
          "dependencies": [
            "aws_internet_gateway.cnb_igw",
            "aws_route_table.cnb_public_crt",
            "aws_subnet.cnb_public_subnets",
            "aws_vpc.cnb_vpc"
          ]
        }
      ]
    },
    {
      "mode": "managed",
      "type": "aws_subnet",
      "name": "cnb_private_subnets",
      "provider": "provider[\"registry.terraform.io/hashicorp/aws\"]",
      "instances": [
        {
          "index_key": 0,
          "schema_version": 1,
          "attributes": {
            "arn": "arn:aws:ec2:us-east-1:947941747067:subnet/subnet-0dce20bf293898ffa",
            "assign_ipv6_address_on_creation": false,
            "availability_zone": "us-east-1a",
            "availability_zone_id": "use1-az6",
            "cidr_block": "10.200.2.0/24",
            "customer_owned_ipv4_pool": "",
            "enable_dns64": false,
            "enable_resource_name_dns_a_record_on_launch": false,
            "enable_resource_name_dns_aaaa_record_on_launch": false,
            "id": "subnet-0dce20bf293898ffa",
            "ipv6_cidr_block": "",
            "ipv6_cidr_block_association_id": "",
            "ipv6_native": false,
            "map_customer_owned_ip_on_launch": false,
            "map_public_ip_on_launch": false,
            "outpost_arn": "",
            "owner_id": "947941747067",
            "private_dns_hostname_type_on_launch": "ip-name",
            "tags": {
              "Name": "Private-Subnet-0-us-east-1a"
            },
            "tags_all": {
              "Name": "Private-Subnet-0-us-east-1a",
              "costCenter": "SYSENG",
              "environment": "tst",
              "expirationDate": "12/12/2022",
              "owner": "eanselmi@edrans.com",
              "project": "CNB",
              "role": "tst",
              "tagVersion": "1"
            },
            "timeouts": null,
            "vpc_id": "vpc-07b59f8f86e2750c7"
          },
          "sensitive_attributes": [],
          "private": "eyJlMmJmYjczMC1lY2FhLTExZTYtOGY4OC0zNDM2M2JjN2M0YzAiOnsiY3JlYXRlIjo2MDAwMDAwMDAwMDAsImRlbGV0ZSI6MTIwMDAwMDAwMDAwMH0sInNjaGVtYV92ZXJzaW9uIjoiMSJ9",
          "dependencies": [
            "aws_vpc.cnb_vpc"
          ]
        },
        {
          "index_key": 1,
          "schema_version": 1,
          "attributes": {
            "arn": "arn:aws:ec2:us-east-1:947941747067:subnet/subnet-0c107046ddfb68621",
            "assign_ipv6_address_on_creation": false,
            "availability_zone": "us-east-1b",
            "availability_zone_id": "use1-az1",
            "cidr_block": "10.200.3.0/24",
            "customer_owned_ipv4_pool": "",
            "enable_dns64": false,
            "enable_resource_name_dns_a_record_on_launch": false,
            "enable_resource_name_dns_aaaa_record_on_launch": false,
            "id": "subnet-0c107046ddfb68621",
            "ipv6_cidr_block": "",
            "ipv6_cidr_block_association_id": "",
            "ipv6_native": false,
            "map_customer_owned_ip_on_launch": false,
            "map_public_ip_on_launch": false,
            "outpost_arn": "",
            "owner_id": "947941747067",
            "private_dns_hostname_type_on_launch": "ip-name",
            "tags": {
              "Name": "Private-Subnet-1-us-east-1b"
            },
            "tags_all": {
              "Name": "Private-Subnet-1-us-east-1b",
              "costCenter": "SYSENG",
              "environment": "tst",
              "expirationDate": "12/12/2022",
              "owner": "eanselmi@edrans.com",
              "project": "CNB",
              "role": "tst",
              "tagVersion": "1"
            },
            "timeouts": null,
            "vpc_id": "vpc-07b59f8f86e2750c7"
          },
          "sensitive_attributes": [],
          "private": "eyJlMmJmYjczMC1lY2FhLTExZTYtOGY4OC0zNDM2M2JjN2M0YzAiOnsiY3JlYXRlIjo2MDAwMDAwMDAwMDAsImRlbGV0ZSI6MTIwMDAwMDAwMDAwMH0sInNjaGVtYV92ZXJzaW9uIjoiMSJ9",
          "dependencies": [
            "aws_vpc.cnb_vpc"
          ]
        }
      ]
    },
    {
      "mode": "managed",
      "type": "aws_subnet",
      "name": "cnb_public_subnets",
      "provider": "provider[\"registry.terraform.io/hashicorp/aws\"]",
      "instances": [
        {
          "index_key": 0,
          "schema_version": 1,
          "attributes": {
            "arn": "arn:aws:ec2:us-east-1:947941747067:subnet/subnet-04c36ad2166080449",
            "assign_ipv6_address_on_creation": false,
            "availability_zone": "us-east-1a",
            "availability_zone_id": "use1-az6",
            "cidr_block": "10.200.0.0/24",
            "customer_owned_ipv4_pool": "",
            "enable_dns64": false,
            "enable_resource_name_dns_a_record_on_launch": false,
            "enable_resource_name_dns_aaaa_record_on_launch": false,
            "id": "subnet-04c36ad2166080449",
            "ipv6_cidr_block": "",
            "ipv6_cidr_block_association_id": "",
            "ipv6_native": false,
            "map_customer_owned_ip_on_launch": false,
            "map_public_ip_on_launch": true,
            "outpost_arn": "",
            "owner_id": "947941747067",
            "private_dns_hostname_type_on_launch": "ip-name",
            "tags": {
              "Name": "Public-Subnet-0-us-east-1a"
            },
            "tags_all": {
              "Name": "Public-Subnet-0-us-east-1a",
              "costCenter": "SYSENG",
              "environment": "tst",
              "expirationDate": "12/12/2022",
              "owner": "eanselmi@edrans.com",
              "project": "CNB",
              "role": "tst",
              "tagVersion": "1"
            },
            "timeouts": null,
            "vpc_id": "vpc-07b59f8f86e2750c7"
          },
          "sensitive_attributes": [],
          "private": "eyJlMmJmYjczMC1lY2FhLTExZTYtOGY4OC0zNDM2M2JjN2M0YzAiOnsiY3JlYXRlIjo2MDAwMDAwMDAwMDAsImRlbGV0ZSI6MTIwMDAwMDAwMDAwMH0sInNjaGVtYV92ZXJzaW9uIjoiMSJ9",
          "dependencies": [
            "aws_vpc.cnb_vpc"
          ]
        },
        {
          "index_key": 1,
          "schema_version": 1,
          "attributes": {
            "arn": "arn:aws:ec2:us-east-1:947941747067:subnet/subnet-05c633e1e5f78fd22",
            "assign_ipv6_address_on_creation": false,
            "availability_zone": "us-east-1b",
            "availability_zone_id": "use1-az1",
            "cidr_block": "10.200.1.0/24",
            "customer_owned_ipv4_pool": "",
            "enable_dns64": false,
            "enable_resource_name_dns_a_record_on_launch": false,
            "enable_resource_name_dns_aaaa_record_on_launch": false,
            "id": "subnet-05c633e1e5f78fd22",
            "ipv6_cidr_block": "",
            "ipv6_cidr_block_association_id": "",
            "ipv6_native": false,
            "map_customer_owned_ip_on_launch": false,
            "map_public_ip_on_launch": true,
            "outpost_arn": "",
            "owner_id": "947941747067",
            "private_dns_hostname_type_on_launch": "ip-name",
            "tags": {
              "Name": "Public-Subnet-1-us-east-1b"
            },
            "tags_all": {
              "Name": "Public-Subnet-1-us-east-1b",
              "costCenter": "SYSENG",
              "environment": "tst",
              "expirationDate": "12/12/2022",
              "owner": "eanselmi@edrans.com",
              "project": "CNB",
              "role": "tst",
              "tagVersion": "1"
            },
            "timeouts": null,
            "vpc_id": "vpc-07b59f8f86e2750c7"
          },
          "sensitive_attributes": [],
          "private": "eyJlMmJmYjczMC1lY2FhLTExZTYtOGY4OC0zNDM2M2JjN2M0YzAiOnsiY3JlYXRlIjo2MDAwMDAwMDAwMDAsImRlbGV0ZSI6MTIwMDAwMDAwMDAwMH0sInNjaGVtYV92ZXJzaW9uIjoiMSJ9",
          "dependencies": [
            "aws_vpc.cnb_vpc"
          ]
        }
      ]
    },
    {
      "mode": "managed",
      "type": "aws_vpc",
      "name": "cnb_vpc",
      "provider": "provider[\"registry.terraform.io/hashicorp/aws\"]",
      "instances": [
        {
          "schema_version": 1,
          "attributes": {
            "arn": "arn:aws:ec2:us-east-1:947941747067:vpc/vpc-07b59f8f86e2750c7",
            "assign_generated_ipv6_cidr_block": false,
            "cidr_block": "10.200.0.0/16",
            "default_network_acl_id": "acl-08ce8e86b13aff8fd",
            "default_route_table_id": "rtb-0e0c81b8d134c68f7",
            "default_security_group_id": "sg-075db92a6fd335dc3",
            "dhcp_options_id": "dopt-059aa540f16932550",
            "enable_classiclink": false,
            "enable_classiclink_dns_support": false,
            "enable_dns_hostnames": true,
            "enable_dns_support": true,
            "id": "vpc-07b59f8f86e2750c7",
            "instance_tenancy": "default",
            "ipv4_ipam_pool_id": null,
            "ipv4_netmask_length": null,
            "ipv6_association_id": "",
            "ipv6_cidr_block": "",
            "ipv6_cidr_block_network_border_group": "",
            "ipv6_ipam_pool_id": "",
            "ipv6_netmask_length": 0,
            "main_route_table_id": "rtb-0e0c81b8d134c68f7",
            "owner_id": "947941747067",
            "tags": {
              "Name": "CNB VPC test"
            },
            "tags_all": {
              "Name": "CNB VPC test",
              "costCenter": "SYSENG",
              "environment": "tst",
              "expirationDate": "12/12/2022",
              "owner": "eanselmi@edrans.com",
              "project": "CNB",
              "role": "tst",
              "tagVersion": "1"
            }
          },
          "sensitive_attributes": [],
          "private": "eyJzY2hlbWFfdmVyc2lvbiI6IjEifQ=="
        }
      ]
    }
  ]
}
